{
  "name": "express-demo",
  "version": "0.0.1",
  "lockfileVersion": 1,
  "requires": true,
  "dependencies": {
    "async": {
      "version": "0.2.8",
      "resolved": "http://r.cnpmjs.org/async/download/async-0.2.8.tgz",
      "integrity": "sha1-uhs//R5s2x6Zmsp2727O6Of1X1M="
    },
    "better-assert": {
      "version": "0.1.0",
      "resolved": "http://r.cnpmjs.org/better-assert/download/better-assert-0.1.0.tgz",
      "integrity": "sha1-M7Ty8KQzb/inNEggUWAwkVJrop4=",
      "requires": {
        "callsite": "1.0.0"
      }
    },
    "bignumber.js": {
      "version": "1.0.1",
      "resolved": "http://r.cnpmjs.org/bignumber.js/download/bignumber.js-1.0.1.tgz",
      "integrity": "sha1-DpU4loI7eD1I6pIYhNP9kLib3LE="
    },
    "bson": {
      "version": "0.1.8",
      "resolved": "http://r.cnpmjs.org/bson/download/bson-0.1.8.tgz",
      "integrity": "sha1-zzT9z/CBoYm1ibSz5ekwnNZQbIE="
    },
    "buffer-crc32": {
      "version": "0.2.13",
      "resolved": "http://r.cnpmjs.org/buffer-crc32/download/buffer-crc32-0.2.13.tgz",
      "integrity": "sha1-DTM+PwDqxQqhRUq9MO+MKl2ackI="
    },
    "bytes": {
      "version": "0.2.0",
      "resolved": "http://r.cnpmjs.org/bytes/download/bytes-0.2.0.tgz",
      "integrity": "sha1-qtM+wU49wsp06OfUUfm6BTrU96A="
    },
    "callsite": {
      "version": "1.0.0",
      "resolved": "http://r.cnpmjs.org/callsite/download/callsite-1.0.0.tgz",
      "integrity": "sha1-KAOY5dZkvXQDi28JBRU+borxvCA="
    },
    "commander": {
      "version": "0.6.1",
      "resolved": "http://r.cnpmjs.org/commander/download/commander-0.6.1.tgz",
      "integrity": "sha1-+mihT2qUXVTbvlDYzbMyDp47GgY="
    },
    "connect": {
      "version": "2.7.5",
      "resolved": "http://r.cnpmjs.org/connect/download/connect-2.7.5.tgz",
      "integrity": "sha1-E5ERtLA/BTOlJJJ6iKZGrkZ7LAI=",
      "requires": {
        "buffer-crc32": "0.1.1",
        "bytes": "0.2.0",
        "cookie": "0.0.5",
        "cookie-signature": "1.0.0",
        "debug": "3.1.0",
        "formidable": "1.0.11",
        "fresh": "0.1.0",
        "pause": "0.0.1",
        "qs": "0.5.1",
        "send": "0.1.0"
      },
      "dependencies": {
        "buffer-crc32": {
          "version": "0.1.1",
          "resolved": "http://r.cnpmjs.org/buffer-crc32/download/buffer-crc32-0.1.1.tgz",
          "integrity": "sha1-fhENyZU5CKt8MqzccMn5RbHLxSY="
        }
      }
    },
    "connect-flash": {
      "version": "0.1.0",
      "resolved": "http://r.cnpmjs.org/connect-flash/download/connect-flash-0.1.0.tgz",
      "integrity": "sha1-grOB1hoStlFDffHCWcHxyEEjm4g="
    },
    "cookie": {
      "version": "0.0.5",
      "resolved": "http://r.cnpmjs.org/cookie/download/cookie-0.0.5.tgz",
      "integrity": "sha1-+az521frdWjJ/MWWJWt7si4wfIE="
    },
    "cookie-signature": {
      "version": "1.0.0",
      "resolved": "http://r.cnpmjs.org/cookie-signature/download/cookie-signature-1.0.0.tgz",
      "integrity": "sha1-AETzMqxiPfhRyRTojqzFfwyXBP4="
    },
    "cookiejar": {
      "version": "1.3.0",
      "resolved": "http://r.cnpmjs.org/cookiejar/download/cookiejar-1.3.0.tgz",
      "integrity": "sha1-3QCzVnkCHpnL1OhVua0EGRNHR2U="
    },
    "cookies": {
      "version": "0.7.1",
      "resolved": "http://r.cnpmjs.org/cookies/download/cookies-0.7.1.tgz",
      "integrity": "sha1-fIphX1SBxhq58WyDNzG8uPZjuZs=",
      "requires": {
        "depd": "1.1.2",
        "keygrip": "1.0.2"
      }
    },
    "core-util-is": {
      "version": "1.0.2",
      "resolved": "http://r.cnpmjs.org/core-util-is/download/core-util-is-1.0.2.tgz",
      "integrity": "sha1-tf1UIgqivFq1eqtxQMlAdUUDwac="
    },
    "db-migrate": {
      "version": "0.4.2",
      "resolved": "http://r.cnpmjs.org/db-migrate/download/db-migrate-0.4.2.tgz",
      "integrity": "sha1-5bRI46DnDMK2rZvRruyuQqa+ORY=",
      "requires": {
        "async": "0.1.22",
        "mkdirp": "0.3.5",
        "moment": "1.7.2",
        "optimist": "0.3.7",
        "parse-database-url": "0.1.0",
        "pkginfo": "0.3.1",
        "semver": "1.0.14"
      },
      "dependencies": {
        "async": {
          "version": "0.1.22",
          "resolved": "http://r.cnpmjs.org/async/download/async-0.1.22.tgz",
          "integrity": "sha1-D8GqoIig4+8Ovi2IMbqw3PiEUGE="
        }
      }
    },
    "debug": {
      "version": "3.1.0",
      "resolved": "http://r.cnpmjs.org/debug/download/debug-3.1.0.tgz",
      "integrity": "sha1-W7WgZyYotkFJVmuhaBnmFRjGcmE=",
      "requires": {
        "ms": "2.0.0"
      }
    },
    "depd": {
      "version": "1.1.2",
      "resolved": "http://r.cnpmjs.org/depd/download/depd-1.1.2.tgz",
      "integrity": "sha1-m81S4UwJd2PnSbJ0xDRu0uVgtak="
    },
    "dequeue": {
      "version": "1.0.3",
      "resolved": "http://r.cnpmjs.org/dequeue/download/dequeue-1.0.3.tgz",
      "integrity": "sha1-MLj02i/CQJUaFdMbNSg+KbLeiXg="
    },
    "diff": {
      "version": "1.0.2",
      "resolved": "http://r.cnpmjs.org/diff/download/diff-1.0.2.tgz",
      "integrity": "sha1-Suc/Gu6Nb89ITxoc53zmUdm38Mk="
    },
    "ejs": {
      "version": "2.5.5",
      "resolved": "http://r.cnpmjs.org/ejs/download/ejs-2.5.5.tgz",
      "integrity": "sha1-bvTpVOp9z1T2aq0v56pCGTLZ7Xc="
    },
    "ejs-locals": {
      "version": "1.0.2",
      "resolved": "http://r.cnpmjs.org/ejs-locals/download/ejs-locals-1.0.2.tgz",
      "integrity": "sha1-ubMg/2kzFUEF+g7taD6mTWeAiM4=",
      "requires": {
        "ejs": "0.8.8"
      },
      "dependencies": {
        "ejs": {
          "version": "0.8.8",
          "resolved": "http://r.cnpmjs.org/ejs/download/ejs-0.8.8.tgz",
          "integrity": "sha1-/9xW3MNdApJt1QrRNDm7xUBh1Zg="
        }
      }
    },
    "emitter-component": {
      "version": "0.0.6",
      "resolved": "http://r.cnpmjs.org/emitter-component/download/emitter-component-0.0.6.tgz",
      "integrity": "sha1-wVXYL20MAbW+6FbVgHSkzFl5W8o="
    },
    "express": {
      "version": "3.1.2",
      "resolved": "http://r.cnpmjs.org/express/download/express-3.1.2.tgz",
      "integrity": "sha1-UqAsjbjyK7+g10eNhHzUUWH5hfc=",
      "requires": {
        "buffer-crc32": "0.2.13",
        "commander": "0.6.1",
        "connect": "2.7.5",
        "cookie": "0.0.5",
        "cookie-signature": "1.0.0",
        "debug": "3.1.0",
        "fresh": "0.1.0",
        "methods": "0.0.1",
        "mkdirp": "0.3.5",
        "range-parser": "0.0.4",
        "send": "0.1.0"
      }
    },
    "express-validator": {
      "version": "0.3.2",
      "resolved": "http://r.cnpmjs.org/express-validator/download/express-validator-0.3.2.tgz",
      "integrity": "sha1-NnPoC0k19y5JfyttkeZhwJHcerY=",
      "requires": {
        "validator": "0.4.25"
      }
    },
    "formidable": {
      "version": "1.0.11",
      "resolved": "http://r.cnpmjs.org/formidable/download/formidable-1.0.11.tgz",
      "integrity": "sha1-aPYzJaA15kS297s9ESQ7l2HeGzA="
    },
    "fresh": {
      "version": "0.1.0",
      "resolved": "http://r.cnpmjs.org/fresh/download/fresh-0.1.0.tgz",
      "integrity": "sha1-A+SwF4Qk5MLV0ZpU2IFM3JeTSFA="
    },
    "growl": {
      "version": "1.7.0",
      "resolved": "http://r.cnpmjs.org/growl/download/growl-1.7.0.tgz",
      "integrity": "sha1-3i1mE20ALhErpw8/EMMc98NQsto="
    },
    "i18next": {
      "version": "1.6.7",
      "resolved": "http://r.cnpmjs.org/i18next/download/i18next-1.6.7.tgz",
      "integrity": "sha1-ojJtP4YC48NDg0za6/Cg1Bxx0+g=",
      "requires": {
        "cookies": "0.7.1"
      }
    },
    "inherits": {
      "version": "2.0.3",
      "resolved": "http://r.cnpmjs.org/inherits/download/inherits-2.0.3.tgz",
      "integrity": "sha1-Yzwsg+PaQqUC9SRmAiSA9CCCYd4="
    },
    "isarray": {
      "version": "0.0.1",
      "resolved": "http://r.cnpmjs.org/isarray/download/isarray-0.0.1.tgz",
      "integrity": "sha1-ihis/Kmo9Bd+Cav8YDiTmwXR7t8="
    },
    "jade": {
      "version": "0.26.3",
      "resolved": "http://r.cnpmjs.org/jade/download/jade-0.26.3.tgz",
      "integrity": "sha1-jxDXl32NefL2/4YqgbBRPMslaGw=",
      "requires": {
        "commander": "0.6.1",
        "mkdirp": "0.3.0"
      },
      "dependencies": {
        "mkdirp": {
          "version": "0.3.0",
          "resolved": "http://r.cnpmjs.org/mkdirp/download/mkdirp-0.3.0.tgz",
          "integrity": "sha1-G79asbqCevI1dRQ0kEJkVfSB/h4="
        }
      }
    },
    "keygrip": {
      "version": "1.0.2",
      "resolved": "http://r.cnpmjs.org/keygrip/download/keygrip-1.0.2.tgz",
      "integrity": "sha1-rTKXxVcGneqLz+ek+kkbdcXd65E="
    },
    "log4js": {
      "version": "0.6.5",
      "resolved": "http://r.cnpmjs.org/log4js/download/log4js-0.6.5.tgz",
      "integrity": "sha1-VbiOJnXQLaUW8zUcqqHejZ6mrXM=",
      "requires": {
        "async": "0.1.15",
        "dequeue": "1.0.3",
        "readable-stream": "1.0.34",
        "semver": "1.1.4"
      },
      "dependencies": {
        "async": {
          "version": "0.1.15",
          "resolved": "http://r.cnpmjs.org/async/download/async-0.1.15.tgz",
          "integrity": "sha1-IYDqyizypspSgNQcBYW+ybPkm9M="
        },
        "semver": {
          "version": "1.1.4",
          "resolved": "http://r.cnpmjs.org/semver/download/semver-1.1.4.tgz",
          "integrity": "sha1-LlpOcrqwNHLMl/cnU7RQiRLvVUA="
        }
      }
    },
    "methods": {
      "version": "0.0.1",
      "resolved": "http://r.cnpmjs.org/methods/download/methods-0.0.1.tgz",
      "integrity": "sha1-J3yQ+L7zlwlkWoNxxRw7bGSOBow="
    },
    "mime": {
      "version": "1.2.6",
      "resolved": "http://r.cnpmjs.org/mime/download/mime-1.2.6.tgz",
      "integrity": "sha1-sfhsdowCX6h7SAdfFwnyiuryA2U="
    },
    "mkdirp": {
      "version": "0.3.5",
      "resolved": "http://r.cnpmjs.org/mkdirp/download/mkdirp-0.3.5.tgz",
      "integrity": "sha1-3j5fiWHIjHh+4TaN+EmsRBPsqNc="
    },
    "mocha": {
      "version": "1.9.0",
      "resolved": "http://r.cnpmjs.org/mocha/download/mocha-1.9.0.tgz",
      "integrity": "sha1-FBBUsTywPOXOWa7OPWXVygG43wo=",
      "requires": {
        "commander": "0.6.1",
        "debug": "3.1.0",
        "diff": "1.0.2",
        "growl": "1.7.0",
        "jade": "0.26.3",
        "mkdirp": "0.3.3",
        "ms": "0.3.0"
      },
      "dependencies": {
        "mkdirp": {
          "version": "0.3.3",
          "resolved": "http://r.cnpmjs.org/mkdirp/download/mkdirp-0.3.3.tgz",
          "integrity": "sha1-WV4lHBNww6aLqyE20ONIuBBa3xM="
        },
        "ms": {
          "version": "0.3.0",
          "resolved": "http://r.cnpmjs.org/ms/download/ms-0.3.0.tgz",
          "integrity": "sha1-A+3DSNYT5mpWSGz9rFO8vomcvWE="
        }
      }
    },
    "moment": {
      "version": "1.7.2",
      "resolved": "http://r.cnpmjs.org/moment/download/moment-1.7.2.tgz",
      "integrity": "sha1-5mvjRL4unsHRLx4WqMpJv2NBf08="
    },
    "mongodb": {
      "version": "1.2.14",
      "resolved": "http://r.cnpmjs.org/mongodb/download/mongodb-1.2.14.tgz",
      "integrity": "sha1-JpZlVSBmQ3MI0JQgNmRuZ5XDqaM=",
      "requires": {
        "bson": "0.1.8"
      }
    },
    "ms": {
      "version": "2.0.0",
      "resolved": "http://r.cnpmjs.org/ms/download/ms-2.0.0.tgz",
      "integrity": "sha1-VgiurfwAvmwpAd9fmGF4jeDVl8g="
    },
    "mysql": {
      "version": "2.0.0-alpha8",
      "resolved": "http://r.cnpmjs.org/mysql/download/mysql-2.0.0-alpha8.tgz",
      "integrity": "sha1-mohUV26EYLUbRT1hLL4vIKFzMC8=",
      "requires": {
        "bignumber.js": "1.0.1",
        "require-all": "0.0.3"
      }
    },
    "optimist": {
      "version": "0.3.7",
      "resolved": "http://r.cnpmjs.org/optimist/download/optimist-0.3.7.tgz",
      "integrity": "sha1-yQlBrVnkJzMokjB00s8ufLxuwNk=",
      "requires": {
        "wordwrap": "0.0.3"
      }
    },
    "parse-database-url": {
      "version": "0.1.0",
      "resolved": "http://r.cnpmjs.org/parse-database-url/download/parse-database-url-0.1.0.tgz",
      "integrity": "sha1-YkR2F8xHopuTJ4MnHaS65Jm4zCg="
    },
    "pause": {
      "version": "0.0.1",
      "resolved": "http://r.cnpmjs.org/pause/download/pause-0.0.1.tgz",
      "integrity": "sha1-HUCLP9t2kjuVQ9lvtMnf1TXZy10="
    },
    "pkginfo": {
      "version": "0.3.1",
      "resolved": "http://r.cnpmjs.org/pkginfo/download/pkginfo-0.3.1.tgz",
      "integrity": "sha1-Wyn2qB9wcXFC4J52W76rl7T4HiE="
    },
    "qs": {
      "version": "0.5.1",
      "resolved": "http://r.cnpmjs.org/qs/download/qs-0.5.1.tgz",
      "integrity": "sha1-n2v12axsdjhOldNtFbSJgOXkrdA="
    },
    "range-parser": {
      "version": "0.0.4",
      "resolved": "http://r.cnpmjs.org/range-parser/download/range-parser-0.0.4.tgz",
      "integrity": "sha1-wEJ//vUcEKy6B4KkbJYC50T/Ygs="
    },
    "readable-stream": {
      "version": "1.0.34",
      "resolved": "http://r.cnpmjs.org/readable-stream/download/readable-stream-1.0.34.tgz",
      "integrity": "sha1-Elgg40vIQtLyqq+v5MKRbuMsFXw=",
      "requires": {
        "core-util-is": "1.0.2",
        "inherits": "2.0.3",
        "isarray": "0.0.1",
        "string_decoder": "0.10.31"
      }
    },
    "require-all": {
      "version": "0.0.3",
      "resolved": "http://r.cnpmjs.org/require-all/download/require-all-0.0.3.tgz",
      "integrity": "sha1-BR4ZIkbADTmb/mFkvE6BC8WI4Bo="
    },
    "requirejs": {
      "version": "2.1.5",
      "resolved": "http://r.cnpmjs.org/requirejs/download/requirejs-2.1.5.tgz",
      "integrity": "sha1-FByAERG7GEHBK3ZQRV1Pnq7vAuE="
    },
    "semver": {
      "version": "1.0.14",
      "resolved": "http://r.cnpmjs.org/semver/download/semver-1.0.14.tgz",
      "integrity": "sha1-ysXi1Vpvv5WMsiCuhEBFBxx49nY="
    },
    "send": {
      "version": "0.1.0",
      "resolved": "http://r.cnpmjs.org/send/download/send-0.1.0.tgz",
      "integrity": "sha1-z7COvTzsm3/Bo32f+eh1qXHPRkA=",
      "requires": {
        "debug": "3.1.0",
        "fresh": "0.1.0",
        "mime": "1.2.6",
        "range-parser": "0.0.4"
      }
    },
    "string_decoder": {
      "version": "0.10.31",
      "resolved": "http://r.cnpmjs.org/string_decoder/download/string_decoder-0.10.31.tgz",
      "integrity": "sha1-YuIDvEF2bGwoyfyEMB2rHFMQ+pQ="
    },
    "superagent": {
      "version": "0.10.0",
      "resolved": "http://r.cnpmjs.org/superagent/download/superagent-0.10.0.tgz",
      "integrity": "sha1-KLu2WGWd8yf20rJe8bnUm6AiAVQ=",
      "requires": {
        "better-assert": "0.1.0",
        "cookiejar": "1.3.0",
        "emitter-component": "0.0.6",
        "formidable": "1.0.9",
        "methods": "0.0.1",
        "mime": "1.2.5",
        "qs": "0.5.2"
      },
      "dependencies": {
        "formidable": {
          "version": "1.0.9",
          "resolved": "http://r.cnpmjs.org/formidable/download/formidable-1.0.9.tgz",
          "integrity": "sha1-QZ47zOrT6IdNU59bPnKkxQOzGpg="
        },
        "mime": {
          "version": "1.2.5",
          "resolved": "http://r.cnpmjs.org/mime/download/mime-1.2.5.tgz",
          "integrity": "sha1-nu0HMCKov14WyFZsaGe4gyv7+hM="
        },
        "qs": {
          "version": "0.5.2",
          "resolved": "http://r.cnpmjs.org/qs/download/qs-0.5.2.tgz",
          "integrity": "sha1-5XNKy3AJ+5GOgA/VxgwvW5Sn/0M="
        }
      }
    },
    "supertest": {
      "version": "0.6.0",
      "resolved": "http://r.cnpmjs.org/supertest/download/supertest-0.6.0.tgz",
      "integrity": "sha1-uUzig5lD6RLpqmtIJGXGcnYseuY=",
      "requires": {
        "methods": "0.0.1",
        "superagent": "0.10.0"
      }
    },
    "validator": {
      "version": "0.4.25",
      "resolved": "http://r.cnpmjs.org/validator/download/validator-0.4.25.tgz",
      "integrity": "sha1-Qt30OS+bMHLyve/ZIB7nzx9c0ZE="
    },
    "wordwrap": {
      "version": "0.0.3",
      "resolved": "http://r.cnpmjs.org/wordwrap/download/wordwrap-0.0.3.tgz",
      "integrity": "sha1-o9XabNXAvAAI03I0u68b7WMFkQc="
    }
  }
}
